
Microsoft Visual Studio Solution File, Format Version 12.00
# Visual Studio Version 17
VisualStudioVersion = 17.8.34511.84
MinimumVisualStudioVersion = 10.0.40219.1
Project("{FAE04EC0-301F-11D3-BF4B-00C04F79EFBC}") = "1", "1\1.csproj", "{4CB92799-C479-4A14-B2C6-B2C27AC6139F}"
EndProject
Project("{FAE04EC0-301F-11D3-BF4B-00C04F79EFBC}") = "2", "2\2.csproj", "{74E6E10E-F8EC-4606-AE23-E8CAC1788824}"
EndProject
Global
	GlobalSection(SolutionConfigurationPlatforms) = preSolution
		Debug|Any CPU = Debug|Any CPU
		Release|Any CPU = Release|Any CPU
	EndGlobalSection
	GlobalSection(ProjectConfigurationPlatforms) = postSolution
		{4CB92799-C479-4A14-B2C6-B2C27AC6139F}.Debug|Any CPU.ActiveCfg = Debug|Any CPU
		{4CB92799-C479-4A14-B2C6-B2C27AC6139F}.Debug|Any CPU.Build.0 = Debug|Any CPU
		{4CB92799-C479-4A14-B2C6-B2C27AC6139F}.Release|Any CPU.ActiveCfg = Release|Any CPU
		{4CB92799-C479-4A14-B2C6-B2C27AC6139F}.Release|Any CPU.Build.0 = Release|Any CPU
		{74E6E10E-F8EC-4606-AE23-E8CAC1788824}.Debug|Any CPU.ActiveCfg = Debug|Any CPU
		{74E6E10E-F8EC-4606-AE23-E8CAC1788824}.Debug|Any CPU.Build.0 = Debug|Any CPU
		{74E6E10E-F8EC-4606-AE23-E8CAC1788824}.Release|Any CPU.ActiveCfg = Release|Any CPU
		{74E6E10E-F8EC-4606-AE23-E8CAC1788824}.Release|Any CPU.Build.0 = Release|Any CPU
	EndGlobalSection
	GlobalSection(SolutionProperties) = preSolution
		HideSolutionNode = FALSE
	EndGlobalSection
	GlobalSection(ExtensibilityGlobals) = postSolution
		SolutionGuid = {52A1FABC-F412-410D-B70C-57B385CCAE93}
	EndGlobalSection
EndGlobal
